github.com/google/go-cmp v0.6.0 h1:ofyhxvXcZhMsU5ulbFiLKl/XBFqE1GSq7atu8tAmTRI=
github.com/google/go-cmp v0.6.0/go.mod h1:17dUlkBOakJ0+DkrSSNjCkIjxS6bF9zb3elmeNGIjoY=
golang.org/x/exp v0.0.0-20240613232115-7f521ea00fb8 h1:yixxcjnhBmY0nkL253HFVIm0JsFHwrHdT3Yh6szTnfY=
golang.org/x/exp v0.0.0-20240613232115-7f521ea00fb8/go.mod h1:jj3sYF3dwk5D+ghuXyeI3r5MFf+NT2An6/9dOA95KSI=
honnef.co/go/curve v0.0.0-20240713195357-1e39b7d8d78a h1:0jPLlqFRYFW+eZT5V4ibhDlntzRvXONT8qmcCTkS+Pw=
honnef.co/go/curve v0.0.0-20240713195357-1e39b7d8d78a/go.mod h1:qoI+1aKyxvS7Ni/ZX2NKQe2S6PfL08gR3hTHK3/E+io=
honnef.co/go/safeish v0.0.0-20240708173349-a249fc03b5f3 h1:caxtAU8OLU3+NmFCYWgNqxB/FnvcZIoWy8uQGWuOHWU=
honnef.co/go/safeish v0.0.0-20240708173349-a249fc03b5f3/go.mod h1:6TmSwH8eepkcwN0dPPAkTpxwjEJzgJq5Bv2HD3HHAP8=
honnef.co/go/wgpu v0.0.0-20240716153913-535527a35c9d h1:stOq1nKqHF+GJAk2JBqH3W8VNfRtlAI3K38dRtzWI38=
honnef.co/go/wgpu v0.0.0-20240716153913-535527a35c9d/go.mod h1:XKVG0li9b/cGpbg568Jgea2Gas+NOb2uk+vXk4kexmA=
honnef.co/go/wgpu-darwin-amd64 v0.1904.1 h1:0oc+U7HdfoaRKry8vSBzkkpzP1LNq2iDNKdBqM5e98c=
honnef.co/go/wgpu-darwin-amd64 v0.1904.1/go.mod h1:Nly+iq38riYqpOFa7HDHOzDjJzqf1AzwtcSDmaGOaN0=
honnef.co/go/wgpu-darwin-arm64 v0.1904.1 h1:XIfknJtAHC1ldDilaDgTgVLuvovabVXTOaV5L1imNSA=
honnef.co/go/wgpu-darwin-arm64 v0.1904.1/go.mod h1:Sr/Sv/OnNJMxX/s1wTXc4Zx6iSapTdj596NSoZ3YdHg=
honnef.co/go/wgpu-linux-amd64 v0.1904.1 h1:HX8ucqX31g2v01r452q22ctQqJ8RMXrM4MWcYk/jxQI=
honnef.co/go/wgpu-linux-amd64 v0.1904.1/go.mod h1:3kRpCGt3k55oCXfwNXWI++3xFsbGPgxedQTSYQWzDdc=
honnef.co/go/wgpu-linux-arm64 v0.1904.1 h1:F/UVrZe5XcNLAY/aP+HNAFhfOXE6pkGGiCbxupe9eD0=
honnef.co/go/wgpu-linux-arm64 v0.1904.1/go.mod h1:+QqNGvqMy3avBBBeLTFBs9irQJLfmQwDKUAKqmLPY9c=
honnef.co/go/wgpu-windows-386 v0.1904.1 h1:LOjg7ewJQf3ixB8FS0hQOMYoCVDN1qWxVnvyV1Egku8=
honnef.co/go/wgpu-windows-386 v0.1904.1/go.mod h1:fADs9oYPySl9WNQbua7CvS3dh4hZDWA6ifmw736thfo=
honnef.co/go/wgpu-windows-amd64 v0.1904.1 h1:0hqqPSvHbzbiklpzjYpigQdz630uoO3qkrlc18UDClg=
honnef.co/go/wgpu-windows-amd64 v0.1904.1/go.mod h1:7plKB88QSOYndjG/TvdaySGfzebYc8QIU9piNgq++U4=
