github.com/google/go-cmp v0.6.0 h1:ofyhxvXcZhMsU5ulbFiLKl/XBFqE1GSq7atu8tAmTRI=
github.com/google/go-cmp v0.6.0/go.mod h1:17dUlkBOakJ0+DkrSSNjCkIjxS6bF9zb3elmeNGIjoY=
golang.org/x/exp v0.0.0-20240613232115-7f521ea00fb8 h1:yixxcjnhBmY0nkL253HFVIm0JsFHwrHdT3Yh6szTnfY=
golang.org/x/exp v0.0.0-20240613232115-7f521ea00fb8/go.mod h1:jj3sYF3dwk5D+ghuXyeI3r5MFf+NT2An6/9dOA95KSI=
honnef.co/go/curve v0.0.0-20240713195357-1e39b7d8d78a h1:0jPLlqFRYFW+eZT5V4ibhDlntzRvXONT8qmcCTkS+Pw=
honnef.co/go/curve v0.0.0-20240713195357-1e39b7d8d78a/go.mod h1:qoI+1aKyxvS7Ni/ZX2NKQe2S6PfL08gR3hTHK3/E+io=
honnef.co/go/safeish v0.0.0-20240708173349-a249fc03b5f3 h1:caxtAU8OLU3+NmFCYWgNqxB/FnvcZIoWy8uQGWuOHWU=
honnef.co/go/safeish v0.0.0-20240708173349-a249fc03b5f3/go.mod h1:6TmSwH8eepkcwN0dPPAkTpxwjEJzgJq5Bv2HD3HHAP8=
